<?xml version="1.0" encoding="utf-8"?>
<Project ToolsVersion="4.0" xmlns="http://schemas.microsoft.com/developer/msbuild/2003">
  <ItemGroup>
    <ClCompile Include="..\ItemContainer\ItemContainer\Armor.cpp" />
    <ClCompile Include="..\ItemContainer\ItemContainer\Belt.cpp" />
    <ClCompile Include="..\ItemContainer\ItemContainer\Boots.cpp" />
    <ClCompile Include="..\ItemContainer\ItemContainer\ConsoleOut.cpp" />
    <ClCompile Include="..\ItemContainer\ItemContainer\Echantment.cpp" />
    <ClCompile Include="..\ItemContainer\ItemContainer\Helmet.cpp" />
    <ClCompile Include="..\ItemContainer\ItemContainer\IItemContainer.cpp" />
    <ClCompile Include="..\ItemContainer\ItemContainer\Item.cpp" />
    <ClCompile Include="..\ItemContainer\ItemContainer\ItemContainer.cpp" />
    <ClCompile Include="..\ItemContainer\ItemContainer\ItemObserver.cpp" />
    <ClCompile Include="..\ItemContainer\ItemContainer\Ring.cpp" />
    <ClCompile Include="..\ItemContainer\ItemContainer\Shield.cpp" />
    <ClCompile Include="..\ItemContainer\ItemContainer\Weapon.cpp" />
    <ClCompile Include="..\MapGeneration\MapGeneration\chracPosition.cpp" />
    <ClCompile Include="..\MapGeneration\MapGeneration\Display.cpp" />
    <ClCompile Include="..\MapGeneration\MapGeneration\Map.cpp" />
    <ClCompile Include="..\MapGeneration\MapGeneration\MapObservable.cpp" />
    <ClCompile Include="..\MapGeneration\MapGeneration\MapObserver.cpp" />
    <ClCompile Include="BullyFighterBuilder.cpp" />
    <ClCompile Include="Attack.cpp" />
    <ClCompile Include="character.cpp" />
    <ClCompile Include="CharacterBuilderAbstract.cpp" />
    <ClCompile Include="Fighter.cpp" />
    <ClCompile Include="GUIclass.cpp" />
    <ClCompile Include="massive-octo-nemesis_DnD.cpp" />
    <ClCompile Include="NimbleFighterBuilder.cpp" />
    <ClCompile Include="Observable.cpp" />
    <ClCompile Include="Observer.cpp" />
    <ClCompile Include="stdafx.cpp" />
    <ClCompile Include="TankFighterBuilder.cpp" />
  </ItemGroup>
  <ItemGroup>
    <ClInclude Include="BullyFighterBuilder.h" />
    <ClInclude Include="Attack.h" />
    <ClInclude Include="character.h" />
    <ClInclude Include="CharacterBuilderAbstract.h" />
    <ClInclude Include="Fighter.h" />
    <ClInclude Include="GUIclass.h" />
    <ClInclude Include="NimbleFighterBuilder.h" />
    <ClInclude Include="Observable.h" />
    <ClInclude Include="Observer.h" />
    <ClInclude Include="resource.h" />
    <ClInclude Include="stdafx.h" />
    <ClInclude Include="TankFighterBuilder.h" />
    <ClInclude Include="targetver.h" />
  </ItemGroup>
  <ItemGroup>
    <ResourceCompile Include="Character.rc" />
  </ItemGroup>
  <ItemGroup>
    <Text Include="ReadMe.txt" />
  </ItemGroup>
</Project>