<?xml version="1.0" encoding="utf-8"?>
<Project ToolsVersion="4.0" xmlns="http://schemas.microsoft.com/developer/msbuild/2003">
  <ItemGroup>
    <Filter Include="Source Files">
      <UniqueIdentifier>{4FC737F1-C7A5-4376-A066-2A32D752A2FF}</UniqueIdentifier>
      <Extensions>cpp;c;cc;cxx;def;odl;idl;hpj;bat;asm;asmx</Extensions>
    </Filter>
    <Filter Include="Header Files">
      <UniqueIdentifier>{93995380-89BD-4b04-88EB-625FBE52EBFB}</UniqueIdentifier>
      <Extensions>h;hpp;hxx;hm;inl;inc;xsd</Extensions>
    </Filter>
    <Filter Include="Resource Files">
      <UniqueIdentifier>{67DA6AB6-F800-4c08-8B7A-83BB121AAD01}</UniqueIdentifier>
      <Extensions>rc;ico;cur;bmp;dlg;rc2;rct;bin;rgs;gif;jpg;jpeg;jpe;resx;tiff;tif;png;wav;mfcribbon-ms</Extensions>
    </Filter>
    <Filter Include="Source Files\Map">
      <UniqueIdentifier>{df94432a-7a90-4a6b-a354-b6e19aefd942}</UniqueIdentifier>
    </Filter>
    <Filter Include="Source Files\ItemDep">
      <UniqueIdentifier>{f3b72c0c-4baf-4dd0-98f5-0597667c8621}</UniqueIdentifier>
    </Filter>
    <Filter Include="Source Files\characterDep">
      <UniqueIdentifier>{b9caa702-26c8-4546-9bc8-cf7cc1e8b16f}</UniqueIdentifier>
    </Filter>
  </ItemGroup>
  <ItemGroup>
    <ClInclude Include="MapObservable.h">
      <Filter>Header Files</Filter>
    </ClInclude>
    <ClInclude Include="MapObserver.h">
      <Filter>Header Files</Filter>
    </ClInclude>
    <ClInclude Include="Display.h">
      <Filter>Header Files</Filter>
    </ClInclude>
    <ClInclude Include="Map.h">
      <Filter>Header Files</Filter>
    </ClInclude>
    <ClInclude Include="chracPosition.h">
      <Filter>Header Files</Filter>
    </ClInclude>
    <ClInclude Include="..\..\..\..\..\..\Desktop\COMP345_Individual\ItemContainer\ItemContainer\targetver.h">
      <Filter>Header Files</Filter>
    </ClInclude>
    <ClInclude Include="stdafx.h">
      <Filter>Header Files</Filter>
    </ClInclude>
    <ClInclude Include="resource.h">
      <Filter>Header Files</Filter>
    </ClInclude>
    <ClInclude Include="..\..\massive-octo-nemesis_DnD\character.h">
      <Filter>Source Files\characterDep</Filter>
    </ClInclude>
    <ClInclude Include="..\..\massive-octo-nemesis_DnD\Fighter.h">
      <Filter>Source Files\characterDep</Filter>
    </ClInclude>
    <ClInclude Include="..\..\massive-octo-nemesis_DnD\GUIclass.h">
      <Filter>Source Files\characterDep</Filter>
    </ClInclude>
    <ClInclude Include="..\..\massive-octo-nemesis_DnD\Observable.h">
      <Filter>Source Files\characterDep</Filter>
    </ClInclude>
    <ClInclude Include="..\..\massive-octo-nemesis_DnD\Observer.h">
      <Filter>Source Files\characterDep</Filter>
    </ClInclude>
    <ClInclude Include="..\..\massive-octo-nemesis_DnD\resource.h">
      <Filter>Source Files\characterDep</Filter>
    </ClInclude>
    <ClInclude Include="..\..\massive-octo-nemesis_DnD\stdafx.h">
      <Filter>Source Files\characterDep</Filter>
    </ClInclude>
    <ClInclude Include="..\..\massive-octo-nemesis_DnD\targetver.h">
      <Filter>Source Files\characterDep</Filter>
    </ClInclude>
  </ItemGroup>
  <ItemGroup>
    <ClCompile Include="Driver.cpp">
      <Filter>Source Files</Filter>
    </ClCompile>
    <ClCompile Include="chracPosition.cpp">
      <Filter>Source Files\Map</Filter>
    </ClCompile>
    <ClCompile Include="Map.cpp">
      <Filter>Source Files\Map</Filter>
    </ClCompile>
    <ClCompile Include="MapObservable.cpp">
      <Filter>Source Files\Map</Filter>
    </ClCompile>
    <ClCompile Include="MapObserver.cpp">
      <Filter>Source Files\Map</Filter>
    </ClCompile>
    <ClCompile Include="..\..\ItemContainer\ItemContainer\Weapon.cpp">
      <Filter>Source Files\ItemDep</Filter>
    </ClCompile>
    <ClCompile Include="..\..\ItemContainer\ItemContainer\Ring.cpp">
      <Filter>Source Files\ItemDep</Filter>
    </ClCompile>
    <ClCompile Include="..\..\ItemContainer\ItemContainer\ItemObserver.cpp">
      <Filter>Source Files\ItemDep</Filter>
    </ClCompile>
    <ClCompile Include="..\..\ItemContainer\ItemContainer\ItemContainer.cpp">
      <Filter>Source Files\ItemDep</Filter>
    </ClCompile>
    <ClCompile Include="..\..\ItemContainer\ItemContainer\Item.cpp">
      <Filter>Source Files\ItemDep</Filter>
    </ClCompile>
    <ClCompile Include="..\..\ItemContainer\ItemContainer\IItemContainer.cpp">
      <Filter>Source Files\ItemDep</Filter>
    </ClCompile>
    <ClCompile Include="..\..\ItemContainer\ItemContainer\Helmet.cpp">
      <Filter>Source Files\ItemDep</Filter>
    </ClCompile>
    <ClCompile Include="..\..\ItemContainer\ItemContainer\Echantment.cpp">
      <Filter>Source Files\ItemDep</Filter>
    </ClCompile>
    <ClCompile Include="..\..\ItemContainer\ItemContainer\ConsoleOut.cpp">
      <Filter>Source Files\ItemDep</Filter>
    </ClCompile>
    <ClCompile Include="..\..\ItemContainer\ItemContainer\Boots.cpp">
      <Filter>Source Files\ItemDep</Filter>
    </ClCompile>
    <ClCompile Include="..\..\ItemContainer\ItemContainer\Belt.cpp">
      <Filter>Source Files\ItemDep</Filter>
    </ClCompile>
    <ClCompile Include="..\..\ItemContainer\ItemContainer\Armor.cpp">
      <Filter>Source Files\ItemDep</Filter>
    </ClCompile>
    <ClCompile Include="Display.cpp">
      <Filter>Source Files\Map</Filter>
    </ClCompile>
    <ClCompile Include="..\..\ItemContainer\ItemContainer\Shield.cpp">
      <Filter>Source Files\ItemDep</Filter>
    </ClCompile>
    <ClCompile Include="stdafx.cpp">
      <Filter>Source Files</Filter>
    </ClCompile>
    <ClCompile Include="..\..\massive-octo-nemesis_DnD\character.cpp">
      <Filter>Source Files\characterDep</Filter>
    </ClCompile>
    <ClCompile Include="..\..\massive-octo-nemesis_DnD\Fighter.cpp">
      <Filter>Source Files\characterDep</Filter>
    </ClCompile>
    <ClCompile Include="..\..\massive-octo-nemesis_DnD\GUIclass.cpp">
      <Filter>Source Files\characterDep</Filter>
    </ClCompile>
    <ClCompile Include="..\..\massive-octo-nemesis_DnD\Observable.cpp">
      <Filter>Source Files\characterDep</Filter>
    </ClCompile>
    <ClCompile Include="..\..\massive-octo-nemesis_DnD\Observer.cpp">
      <Filter>Source Files\characterDep</Filter>
    </ClCompile>
    <ClCompile Include="..\..\massive-octo-nemesis_DnD\stdafx.cpp">
      <Filter>Source Files\characterDep</Filter>
    </ClCompile>
  </ItemGroup>
  <ItemGroup>
    <ResourceCompile Include="MapGeneration.rc">
      <Filter>Resource Files</Filter>
    </ResourceCompile>
    <ResourceCompile Include="..\..\massive-octo-nemesis_DnD\Character.rc">
      <Filter>Source Files\characterDep</Filter>
    </ResourceCompile>
  </ItemGroup>
</Project>